
Microsoft Visual Studio Solution File, Format Version 12.00
# Visual Studio Version 17
VisualStudioVersion = 17.9.34902.65
MinimumVisualStudioVersion = 10.0.40219.1
Project("{9A19103F-16F7-4668-BE54-9A1E7A4F7556}") = "VsqxFormat", "VSQXFormat\VsqxFormat.csproj", "{58DE1BA8-FCAF-4659-9FD1-51C0A96903CA}"
	ProjectSection(ProjectDependencies) = postProject
		{C6F7E597-7B22-48CE-B5C2-DC59B83D97D2} = {C6F7E597-7B22-48CE-B5C2-DC59B83D97D2}
	EndProjectSection
EndProject
Project("{9A19103F-16F7-4668-BE54-9A1E7A4F7556}") = "TuneLab.Extensions.Formats", "..\..\..\TuneLab.Extensions.Formats\TuneLab.Extensions.Formats.csproj", "{C6F7E597-7B22-48CE-B5C2-DC59B83D97D2}"
EndProject
Project("{9A19103F-16F7-4668-BE54-9A1E7A4F7556}") = "TLXPackageHelper", "TLXPackageHelper\TLXPackageHelper.csproj", "{02B71E09-7E61-402D-96C4-6CB83D602ADB}"
	ProjectSection(ProjectDependencies) = postProject
		{58DE1BA8-FCAF-4659-9FD1-51C0A96903CA} = {58DE1BA8-FCAF-4659-9FD1-51C0A96903CA}
	EndProjectSection
EndProject
Project("{9A19103F-16F7-4668-BE54-9A1E7A4F7556}") = "TuneLab.Base", "..\..\..\TuneLab.Base\TuneLab.Base.csproj", "{1B704399-574A-4D22-9CCA-F992AEA0B8C8}"
EndProject
Global
	GlobalSection(SolutionConfigurationPlatforms) = preSolution
		Debug|Any CPU = Debug|Any CPU
		Release|Any CPU = Release|Any CPU
	EndGlobalSection
	GlobalSection(ProjectConfigurationPlatforms) = postSolution
		{58DE1BA8-FCAF-4659-9FD1-51C0A96903CA}.Debug|Any CPU.ActiveCfg = Debug|Any CPU
		{58DE1BA8-FCAF-4659-9FD1-51C0A96903CA}.Debug|Any CPU.Build.0 = Debug|Any CPU
		{58DE1BA8-FCAF-4659-9FD1-51C0A96903CA}.Release|Any CPU.ActiveCfg = Release|Any CPU
		{58DE1BA8-FCAF-4659-9FD1-51C0A96903CA}.Release|Any CPU.Build.0 = Release|Any CPU
		{C6F7E597-7B22-48CE-B5C2-DC59B83D97D2}.Debug|Any CPU.ActiveCfg = Debug|Any CPU
		{C6F7E597-7B22-48CE-B5C2-DC59B83D97D2}.Debug|Any CPU.Build.0 = Debug|Any CPU
		{C6F7E597-7B22-48CE-B5C2-DC59B83D97D2}.Release|Any CPU.ActiveCfg = Release|Any CPU
		{C6F7E597-7B22-48CE-B5C2-DC59B83D97D2}.Release|Any CPU.Build.0 = Release|Any CPU
		{02B71E09-7E61-402D-96C4-6CB83D602ADB}.Debug|Any CPU.ActiveCfg = Debug|Any CPU
		{02B71E09-7E61-402D-96C4-6CB83D602ADB}.Debug|Any CPU.Build.0 = Debug|Any CPU
		{02B71E09-7E61-402D-96C4-6CB83D602ADB}.Release|Any CPU.ActiveCfg = Release|Any CPU
		{02B71E09-7E61-402D-96C4-6CB83D602ADB}.Release|Any CPU.Build.0 = Release|Any CPU
		{1B704399-574A-4D22-9CCA-F992AEA0B8C8}.Debug|Any CPU.ActiveCfg = Debug|Any CPU
		{1B704399-574A-4D22-9CCA-F992AEA0B8C8}.Debug|Any CPU.Build.0 = Debug|Any CPU
		{1B704399-574A-4D22-9CCA-F992AEA0B8C8}.Release|Any CPU.ActiveCfg = Release|Any CPU
		{1B704399-574A-4D22-9CCA-F992AEA0B8C8}.Release|Any CPU.Build.0 = Release|Any CPU
	EndGlobalSection
	GlobalSection(SolutionProperties) = preSolution
		HideSolutionNode = FALSE
	EndGlobalSection
	GlobalSection(ExtensibilityGlobals) = postSolution
		SolutionGuid = {ABAE61BD-11F2-4B48-84D6-008E9F590848}
	EndGlobalSection
EndGlobal
